
Microsoft Visual Studio Solution File, Format Version 12.00
# Visual Studio Version 17
VisualStudioVersion = 17.14.36301.6
MinimumVisualStudioVersion = 10.0.40219.1
Project("{FAE04EC0-301F-11D3-BF4B-00C04F79EFBC}") = "PhishingSiteDetector-API", "PhishingSiteDetector-API.csproj", "{B7137FF4-8ECA-48ED-A93A-6D747D0D764E}"
EndProject
Project("{FAE04EC0-301F-11D3-BF4B-00C04F79EFBC}") = "PhishingSiteDetector-IntegrationTests", "..\PhishingSiteDetector-IntegrationTests\PhishingSiteDetector-IntegrationTests.csproj", "{75B93DCC-DD6A-9B77-7C73-686B1E71BED3}"
EndProject
Global
	GlobalSection(SolutionConfigurationPlatforms) = preSolution
		Debug|Any CPU = Debug|Any CPU
		Release|Any CPU = Release|Any CPU
	EndGlobalSection
	GlobalSection(ProjectConfigurationPlatforms) = postSolution
		{B7137FF4-8ECA-48ED-A93A-6D747D0D764E}.Debug|Any CPU.ActiveCfg = Debug|Any CPU
		{B7137FF4-8ECA-48ED-A93A-6D747D0D764E}.Debug|Any CPU.Build.0 = Debug|Any CPU
		{B7137FF4-8ECA-48ED-A93A-6D747D0D764E}.Release|Any CPU.ActiveCfg = Release|Any CPU
		{B7137FF4-8ECA-48ED-A93A-6D747D0D764E}.Release|Any CPU.Build.0 = Release|Any CPU
		{75B93DCC-DD6A-9B77-7C73-686B1E71BED3}.Debug|Any CPU.ActiveCfg = Debug|Any CPU
		{75B93DCC-DD6A-9B77-7C73-686B1E71BED3}.Debug|Any CPU.Build.0 = Debug|Any CPU
		{75B93DCC-DD6A-9B77-7C73-686B1E71BED3}.Release|Any CPU.ActiveCfg = Release|Any CPU
		{75B93DCC-DD6A-9B77-7C73-686B1E71BED3}.Release|Any CPU.Build.0 = Release|Any CPU
	EndGlobalSection
	GlobalSection(SolutionProperties) = preSolution
		HideSolutionNode = FALSE
	EndGlobalSection
	GlobalSection(ExtensibilityGlobals) = postSolution
		SolutionGuid = {7076F232-4560-4F17-8E8A-7D54532056E1}
	EndGlobalSection
EndGlobal
